schema: '2.0'
stages:
  data_ingestion:
    cmd: python src/data_ingestion.py
    deps:
    - path: src/data_ingestion.py
      hash: md5
      md5: 252c926500347054c587c9567cf90c81
      size: 3743
    params:
      params.yaml:
        data_ingestion.test_size: 0.29
    outs:
    - path: data/raw
      hash: md5
      md5: d2beb9df4ed2bd23b0ff11d6eb0fbdac.dir
      size: 484846
      nfiles: 2
  data_preprocessing:
    cmd: python src/data_preprocessing.py
    deps:
    - path: data/raw
      hash: md5
      md5: d2beb9df4ed2bd23b0ff11d6eb0fbdac.dir
      size: 484846
      nfiles: 2
    - path: src/data_preprocessing.py
      hash: md5
      md5: a60670a6377c56fceaf063f625c6d100
      size: 4031
    outs:
    - path: data/interim
      hash: md5
      md5: 12470d82dad3c306635b09dea9363ed9.dir
      size: 262617
      nfiles: 2
  feature_engineering:
    cmd: python src/feature_engineering.py
    deps:
    - path: data/interim
      hash: md5
      md5: 12470d82dad3c306635b09dea9363ed9.dir
      size: 262617
      nfiles: 2
    - path: src/feature_engineering.py
      hash: md5
      md5: c77ca55fe52428a5adbfd45ffd3b71c8
      size: 3948
    params:
      params.yaml:
        feature_engineering.max_features: 40
    outs:
    - path: data/processed
      hash: md5
      md5: 06d66f7ec0594bfb5acf5ad52d5ec0b4.dir
      size: 957375
      nfiles: 2
  model_building:
    cmd: python src/model_building.py
    deps:
    - path: data/processed
      hash: md5
      md5: 06d66f7ec0594bfb5acf5ad52d5ec0b4.dir
      size: 957375
      nfiles: 2
    - path: src/model_building.py
      hash: md5
      md5: 552315e01f4c00aeecf6fa831110d95c
      size: 4481
    params:
      params.yaml:
        model_building.n_estimators: 66
        model_building.random_state: 42
    outs:
    - path: models/model.pkl
      hash: md5
      md5: 1481bc9e898fb39ceb0de881eebddf5c
      size: 2032048
  model_evaluation:
    cmd: python src/model_evaluation.py
    deps:
    - path: models/model.pkl
      hash: md5
      md5: 1481bc9e898fb39ceb0de881eebddf5c
      size: 2032048
    - path: src/model_evaluation.py
      hash: md5
      md5: d484ede757f9a2ba66565d4e9bda3df6
      size: 4697
    outs:
    - path: reports/metrics.json
      hash: md5
      md5: 05fc6470754c83bdfcf07144b411c84d
      size: 144
