schema: '2.0'
stages:
  data_ingestion:
    cmd: python src/data_ingestion.py
    deps:
    - path: src/data_ingestion.py
      hash: md5
      md5: 252c926500347054c587c9567cf90c81
      size: 3743
    params:
      params.yaml:
        data_ingestion.test_size: 0.3
    outs:
    - path: data/raw
      hash: md5
      md5: d26befd2dda9438254177d9000d9ba1f.dir
      size: 484846
      nfiles: 2
  data_preprocessing:
    cmd: python src/data_preprocessing.py
    deps:
    - path: data/raw
      hash: md5
      md5: d26befd2dda9438254177d9000d9ba1f.dir
      size: 484846
      nfiles: 2
    - path: src/data_preprocessing.py
      hash: md5
      md5: a60670a6377c56fceaf063f625c6d100
      size: 4031
    outs:
    - path: data/interim
      hash: md5
      md5: 61ca13b2e20854a1f7bacbbcfeca409e.dir
      size: 262513
      nfiles: 2
  feature_engineering:
    cmd: python src/feature_engineering.py
    deps:
    - path: data/interim
      hash: md5
      md5: 61ca13b2e20854a1f7bacbbcfeca409e.dir
      size: 262513
      nfiles: 2
    - path: src/feature_engineering.py
      hash: md5
      md5: c77ca55fe52428a5adbfd45ffd3b71c8
      size: 3948
    params:
      params.yaml:
        feature_engineering.max_features: 75
    outs:
    - path: data/processed
      hash: md5
      md5: 9d111991b5c6fa17f1c5035ec88c6215.dir
      size: 1757871
      nfiles: 2
  model_building:
    cmd: python src/model_building.py
    deps:
    - path: data/processed
      hash: md5
      md5: 9d111991b5c6fa17f1c5035ec88c6215.dir
      size: 1757871
      nfiles: 2
    - path: src/model_building.py
      hash: md5
      md5: 552315e01f4c00aeecf6fa831110d95c
      size: 4481
    params:
      params.yaml:
        model_building.n_estimators: 30
        model_building.random_state: 42
    outs:
    - path: models/model.pkl
      hash: md5
      md5: cc8176e8be40887cc00a6e996805a8f9
      size: 1306017
  model_evaluation:
    cmd: python src/model_evaluation.py
    deps:
    - path: models/model.pkl
      hash: md5
      md5: cc8176e8be40887cc00a6e996805a8f9
      size: 1306017
    - path: src/model_evaluation.py
      hash: md5
      md5: 62c128e669e99cc93c72e70b102c2220
      size: 4745
    outs:
    - path: reports/metrics.json
      hash: md5
      md5: ae2a6bf7a1a5f32572f77a0da8df706f
      size: 145
